$begin 'ConnectionParameters'
	DesktopProcessID=33608
	DesktopProcessPath='C:\\Program Files\\ANSYS Inc\\v252\\AnsysEM\\ansysedt.exe'
	LaunchedByWB=false
	GRPCPort=0
	$begin 'DesktopStubBlock'
		$begin 'CommDetails'
			TransportType=1
			IPAddress='172.30.64.1'
			ListenPort='52131'
			IPAddressVector[2: '172.21.64.1', '192.168.1.21']
		$end 'CommDetails'
		$begin 'Marshall'
			InstanceID=503
			ProcID=33608
			InterfaceID=1
			FactoryIntID='DesktopInterfaceForWBProxyStubFactory'
		$end 'Marshall'
	$end 'DesktopStubBlock'
	$begin 'DesktopBackgroundObjStubBlock'
		$begin 'CommDetails'
			TransportType=1
			IPAddress='172.30.64.1'
			ListenPort='52131'
			IPAddressVector[2: '172.21.64.1', '192.168.1.21']
		$end 'CommDetails'
		$begin 'Marshall'
			InstanceID=505
			ProcID=33608
			InterfaceID=2
			FactoryIntID='DesktopInterfaceForWBProxyStubFactory'
		$end 'Marshall'
	$end 'DesktopBackgroundObjStubBlock'
$end 'ConnectionParameters'
